
Microsoft Visual Studio Solution File, Format Version 12.00
# Visual Studio Version 17
VisualStudioVersion = 17.0.31903.59
MinimumVisualStudioVersion = 10.0.40219.1
Project("{FAE04EC0-301F-11D3-BF4B-00C04F79EFBC}") = "vie-genere", "vie-genere\vie-genere.csproj", "{BA8C9EDA-B4C1-40BD-B695-02C9F90A4287}"
EndProject
Project("{FAE04EC0-301F-11D3-BF4B-00C04F79EFBC}") = "vie-genere.Tests", "vie-genere.Tests\vie-genere.Tests.csproj", "{4E7A907C-D6AA-48BE-A57E-CF782CE6A93C}"
EndProject
Global
	GlobalSection(SolutionConfigurationPlatforms) = preSolution
		Debug|Any CPU = Debug|Any CPU
		Release|Any CPU = Release|Any CPU
	EndGlobalSection
	GlobalSection(SolutionProperties) = preSolution
		HideSolutionNode = FALSE
	EndGlobalSection
	GlobalSection(ProjectConfigurationPlatforms) = postSolution
		{BA8C9EDA-B4C1-40BD-B695-02C9F90A4287}.Debug|Any CPU.ActiveCfg = Debug|Any CPU
		{BA8C9EDA-B4C1-40BD-B695-02C9F90A4287}.Debug|Any CPU.Build.0 = Debug|Any CPU
		{BA8C9EDA-B4C1-40BD-B695-02C9F90A4287}.Release|Any CPU.ActiveCfg = Release|Any CPU
		{BA8C9EDA-B4C1-40BD-B695-02C9F90A4287}.Release|Any CPU.Build.0 = Release|Any CPU
		{4E7A907C-D6AA-48BE-A57E-CF782CE6A93C}.Debug|Any CPU.ActiveCfg = Debug|Any CPU
		{4E7A907C-D6AA-48BE-A57E-CF782CE6A93C}.Debug|Any CPU.Build.0 = Debug|Any CPU
		{4E7A907C-D6AA-48BE-A57E-CF782CE6A93C}.Release|Any CPU.ActiveCfg = Release|Any CPU
		{4E7A907C-D6AA-48BE-A57E-CF782CE6A93C}.Release|Any CPU.Build.0 = Release|Any CPU
	EndGlobalSection
EndGlobal
